
Microsoft Visual Studio Solution File, Format Version 12.00
# Visual Studio 15
VisualStudioVersion = 15.0.27703.2042
MinimumVisualStudioVersion = 10.0.40219.1
Project("{FAE04EC0-301F-11D3-BF4B-00C04F79EFBC}") = "YarnOver.WebMVC", "YarnOver.WebMVC\YarnOver.WebMVC.csproj", "{61D142B8-FC24-4DBA-B6CE-5D39073F20F4}"
EndProject
Project("{FAE04EC0-301F-11D3-BF4B-00C04F79EFBC}") = "YarnOver.Data", "YarnOver.Data\YarnOver.Data.csproj", "{34B554C6-A9A6-4598-9003-C4650727C5D3}"
EndProject
Project("{FAE04EC0-301F-11D3-BF4B-00C04F79EFBC}") = "YarnOver.Models", "YarnOver.Models\YarnOver.Models.csproj", "{B468FBC8-97A3-4F4F-B666-1E93811AE342}"
EndProject
Project("{FAE04EC0-301F-11D3-BF4B-00C04F79EFBC}") = "YarnOver.Contracts", "YarnOver.Contracts\YarnOver.Contracts.csproj", "{42C0785D-1833-43A2-AA97-17F10A5947DF}"
EndProject
Project("{FAE04EC0-301F-11D3-BF4B-00C04F79EFBC}") = "YarnOver.Services", "YarnOver.Services\YarnOver.Services.csproj", "{3F9C5FE5-8562-4DAF-B596-0546C5B67E31}"
EndProject
Global
	GlobalSection(SolutionConfigurationPlatforms) = preSolution
		Debug|Any CPU = Debug|Any CPU
		Release|Any CPU = Release|Any CPU
	EndGlobalSection
	GlobalSection(ProjectConfigurationPlatforms) = postSolution
		{61D142B8-FC24-4DBA-B6CE-5D39073F20F4}.Debug|Any CPU.ActiveCfg = Debug|Any CPU
		{61D142B8-FC24-4DBA-B6CE-5D39073F20F4}.Debug|Any CPU.Build.0 = Debug|Any CPU
		{61D142B8-FC24-4DBA-B6CE-5D39073F20F4}.Release|Any CPU.ActiveCfg = Release|Any CPU
		{61D142B8-FC24-4DBA-B6CE-5D39073F20F4}.Release|Any CPU.Build.0 = Release|Any CPU
		{34B554C6-A9A6-4598-9003-C4650727C5D3}.Debug|Any CPU.ActiveCfg = Debug|Any CPU
		{34B554C6-A9A6-4598-9003-C4650727C5D3}.Debug|Any CPU.Build.0 = Debug|Any CPU
		{34B554C6-A9A6-4598-9003-C4650727C5D3}.Release|Any CPU.ActiveCfg = Release|Any CPU
		{34B554C6-A9A6-4598-9003-C4650727C5D3}.Release|Any CPU.Build.0 = Release|Any CPU
		{B468FBC8-97A3-4F4F-B666-1E93811AE342}.Debug|Any CPU.ActiveCfg = Debug|Any CPU
		{B468FBC8-97A3-4F4F-B666-1E93811AE342}.Debug|Any CPU.Build.0 = Debug|Any CPU
		{B468FBC8-97A3-4F4F-B666-1E93811AE342}.Release|Any CPU.ActiveCfg = Release|Any CPU
		{B468FBC8-97A3-4F4F-B666-1E93811AE342}.Release|Any CPU.Build.0 = Release|Any CPU
		{42C0785D-1833-43A2-AA97-17F10A5947DF}.Debug|Any CPU.ActiveCfg = Debug|Any CPU
		{42C0785D-1833-43A2-AA97-17F10A5947DF}.Debug|Any CPU.Build.0 = Debug|Any CPU
		{42C0785D-1833-43A2-AA97-17F10A5947DF}.Release|Any CPU.ActiveCfg = Release|Any CPU
		{42C0785D-1833-43A2-AA97-17F10A5947DF}.Release|Any CPU.Build.0 = Release|Any CPU
		{3F9C5FE5-8562-4DAF-B596-0546C5B67E31}.Debug|Any CPU.ActiveCfg = Debug|Any CPU
		{3F9C5FE5-8562-4DAF-B596-0546C5B67E31}.Debug|Any CPU.Build.0 = Debug|Any CPU
		{3F9C5FE5-8562-4DAF-B596-0546C5B67E31}.Release|Any CPU.ActiveCfg = Release|Any CPU
		{3F9C5FE5-8562-4DAF-B596-0546C5B67E31}.Release|Any CPU.Build.0 = Release|Any CPU
	EndGlobalSection
	GlobalSection(SolutionProperties) = preSolution
		HideSolutionNode = FALSE
	EndGlobalSection
	GlobalSection(ExtensibilityGlobals) = postSolution
		SolutionGuid = {9F2AF9AD-9CBF-4065-AB3A-E5F7970BD296}
	EndGlobalSection
EndGlobal
